
Microsoft Visual Studio Solution File, Format Version 11.00
# Visual Studio 2010
Project("{159641D6-6404-4A2A-AE62-294DE0FE8301}") = "Dim_Customer", "Dim_Customer.dtproj", "{90151ED2-18A4-418A-BFD5-0DD5DA0A7E3A}"
EndProject
Global
	GlobalSection(SolutionConfigurationPlatforms) = preSolution
		Development|Default = Development|Default
	EndGlobalSection
	GlobalSection(ProjectConfigurationPlatforms) = postSolution
		{90151ED2-18A4-418A-BFD5-0DD5DA0A7E3A}.Development|Default.ActiveCfg = Development
		{90151ED2-18A4-418A-BFD5-0DD5DA0A7E3A}.Development|Default.Build.0 = Development
	EndGlobalSection
	GlobalSection(SolutionProperties) = preSolution
		HideSolutionNode = FALSE
	EndGlobalSection
EndGlobal
