
Microsoft Visual Studio Solution File, Format Version 11.00
# Visual Studio 2010
Project("{159641D6-6404-4A2A-AE62-294DE0FE8301}") = "DownloadAdventureWorks_SalesTerritory", "DownloadAdventureWorks_SalesTerritory.dtproj", "{F0D4CF98-B6D0-4410-BE25-BAC11369FD0A}"
EndProject
Global
	GlobalSection(SolutionConfigurationPlatforms) = preSolution
		Development|Default = Development|Default
	EndGlobalSection
	GlobalSection(ProjectConfigurationPlatforms) = postSolution
		{F0D4CF98-B6D0-4410-BE25-BAC11369FD0A}.Development|Default.ActiveCfg = Development
		{F0D4CF98-B6D0-4410-BE25-BAC11369FD0A}.Development|Default.Build.0 = Development
	EndGlobalSection
	GlobalSection(SolutionProperties) = preSolution
		HideSolutionNode = FALSE
	EndGlobalSection
EndGlobal
